# generated by rye
# use `rye lock` or `rye sync` to update this lockfile
#
# last locked with the following flags:
#   pre: false
#   features: []
#   all-features: false
#   with-sources: false
#   generate-hashes: false
#   universal: false

-e file:.
importlib-metadata==8.7.0
    # via ofxstatement
ofxstatement==0.9.3
    # via ofxstatement-fidelity
platformdirs==4.4.0
    # via ofxstatement
zipp==3.23.0
    # via importlib-metadata
    # via ofxstatement
